
Microsoft Visual Studio Solution File, Format Version 12.00
# Visual Studio Version 17
VisualStudioVersion = 17.14.36212.18
MinimumVisualStudioVersion = 10.0.40219.1
Project("{FAE04EC0-301F-11D3-BF4B-00C04F79EFBC}") = "DotNetMessagingBottlenecks.Producer", "src\DotNetMessagingBottlenecks.Producer\DotNetMessagingBottlenecks.Producer.csproj", "{2C168F79-C6FA-4A8F-9563-E6CC86DD96B4}"
EndProject
Project("{FAE04EC0-301F-11D3-BF4B-00C04F79EFBC}") = "DotNetMessagingBottlenecks.Consumer", "src\DotNetMessagingBottlenecks.Consumer\DotNetMessagingBottlenecks.Consumer.csproj", "{6174DEEC-4474-4271-80AD-C3B91A255F70}"
EndProject
Global
	GlobalSection(SolutionConfigurationPlatforms) = preSolution
		Debug|Any CPU = Debug|Any CPU
		Release|Any CPU = Release|Any CPU
	EndGlobalSection
	GlobalSection(ProjectConfigurationPlatforms) = postSolution
		{2C168F79-C6FA-4A8F-9563-E6CC86DD96B4}.Debug|Any CPU.ActiveCfg = Debug|Any CPU
		{2C168F79-C6FA-4A8F-9563-E6CC86DD96B4}.Debug|Any CPU.Build.0 = Debug|Any CPU
		{2C168F79-C6FA-4A8F-9563-E6CC86DD96B4}.Release|Any CPU.ActiveCfg = Release|Any CPU
		{2C168F79-C6FA-4A8F-9563-E6CC86DD96B4}.Release|Any CPU.Build.0 = Release|Any CPU
		{6174DEEC-4474-4271-80AD-C3B91A255F70}.Debug|Any CPU.ActiveCfg = Debug|Any CPU
		{6174DEEC-4474-4271-80AD-C3B91A255F70}.Debug|Any CPU.Build.0 = Debug|Any CPU
		{6174DEEC-4474-4271-80AD-C3B91A255F70}.Release|Any CPU.ActiveCfg = Release|Any CPU
		{6174DEEC-4474-4271-80AD-C3B91A255F70}.Release|Any CPU.Build.0 = Release|Any CPU
	EndGlobalSection
	GlobalSection(SolutionProperties) = preSolution
		HideSolutionNode = FALSE
	EndGlobalSection
	GlobalSection(ExtensibilityGlobals) = postSolution
		SolutionGuid = {749810D5-7B72-4691-85E9-688531C257D6}
	EndGlobalSection
EndGlobal
